{
  "name": "@ruguoapp/mns-node-sdk",
  "version": "1.0.0",
  "lockfileVersion": 1,
  "requires": true,
  "dependencies": {
    "@types/caseless": {
      "version": "0.12.2",
      "resolved": "http://registry.npm.taobao.org/@types/caseless/download/@types/caseless-0.12.2.tgz",
      "integrity": "sha1-9l09Y4ngHutFi9VNyPUrlalGO8g=",
      "dev": true
    },
    "@types/debug": {
      "version": "4.1.5",
      "resolved": "https://registry.npm.taobao.org/@types/debug/download/@types/debug-4.1.5.tgz",
      "integrity": "sha1-sU76iFK3do2JiQZhPCP2iHE+As0=",
      "dev": true
    },
    "@types/lodash": {
      "version": "4.14.137",
      "resolved": "https://registry.npm.taobao.org/@types/lodash/download/@types/lodash-4.14.137.tgz?cache=0&other_urls=https%3A%2F%2Fregistry.npm.taobao.org%2F%40types%2Flodash%2Fdownload%2F%40types%2Flodash-4.14.137.tgz",
      "integrity": "sha1-ikgEk33GRiJ0/8wIjfjxT8GzaOI=",
      "dev": true
    },
    "@types/node": {
      "version": "12.7.2",
      "resolved": "https://registry.npm.taobao.org/@types/node/download/@types/node-12.7.2.tgz?cache=0&sync_timestamp=1566325318079&other_urls=https%3A%2F%2Fregistry.npm.taobao.org%2F%40types%2Fnode%2Fdownload%2F%40types%2Fnode-12.7.2.tgz",
      "integrity": "sha1-xOY69eiCPOnMPws097mYwhcfDEQ=",
      "dev": true
    },
    "@types/request": {
      "version": "2.48.2",
      "resolved": "https://registry.npm.taobao.org/@types/request/download/@types/request-2.48.2.tgz?cache=0&sync_timestamp=1563031024939&other_urls=https%3A%2F%2Fregistry.npm.taobao.org%2F%40types%2Frequest%2Fdownload%2F%40types%2Frequest-2.48.2.tgz",
      "integrity": "sha1-k2N0y+EXnX7VKfwCVD3rRZdFD+0=",
      "dev": true,
      "requires": {
        "@types/caseless": "*",
        "@types/node": "*",
        "@types/tough-cookie": "*",
        "form-data": "^2.5.0"
      }
    },
    "@types/request-promise-native": {
      "version": "1.0.16",
      "resolved": "https://registry.npm.taobao.org/@types/request-promise-native/download/@types/request-promise-native-1.0.16.tgz",
      "integrity": "sha1-oyam+1QdpjxscTKTwZNeVLfYTTs=",
      "dev": true,
      "requires": {
        "@types/request": "*"
      }
    },
    "@types/tough-cookie": {
      "version": "2.3.5",
      "resolved": "http://registry.npm.taobao.org/@types/tough-cookie/download/@types/tough-cookie-2.3.5.tgz",
      "integrity": "sha1-naRO11VxmZtlw3tgybK4jbVMWF0=",
      "dev": true
    },
    "@types/xml2js": {
      "version": "0.4.4",
      "resolved": "https://registry.npm.taobao.org/@types/xml2js/download/@types/xml2js-0.4.4.tgz",
      "integrity": "sha1-IJPZQ1miAYBtmX3M78gBU9sxHGY=",
      "dev": true,
      "requires": {
        "@types/node": "*"
      }
    },
    "asynckit": {
      "version": "0.4.0",
      "resolved": "http://registry.npm.taobao.org/asynckit/download/asynckit-0.4.0.tgz",
      "integrity": "sha1-x57Zf380y48robyXkLzDZkdLS3k=",
      "dev": true
    },
    "combined-stream": {
      "version": "1.0.8",
      "resolved": "https://registry.npm.taobao.org/combined-stream/download/combined-stream-1.0.8.tgz",
      "integrity": "sha1-w9RaizT9cwYxoRCoolIGgrMdWn8=",
      "dev": true,
      "requires": {
        "delayed-stream": "~1.0.0"
      }
    },
    "debug": {
      "version": "4.1.1",
      "resolved": "http://registry.npm.taobao.org/debug/download/debug-4.1.1.tgz",
      "integrity": "sha1-O3ImAlUQnGtYnO4FDx1RYTlmR5E=",
      "requires": {
        "ms": "^2.1.1"
      }
    },
    "delayed-stream": {
      "version": "1.0.0",
      "resolved": "http://registry.npm.taobao.org/delayed-stream/download/delayed-stream-1.0.0.tgz",
      "integrity": "sha1-3zrhmayt+31ECqrgsp4icrJOxhk=",
      "dev": true
    },
    "form-data": {
      "version": "2.5.0",
      "resolved": "https://registry.npm.taobao.org/form-data/download/form-data-2.5.0.tgz",
      "integrity": "sha1-CU7DWdxLVefWLg20rNduif6HTTc=",
      "dev": true,
      "requires": {
        "asynckit": "^0.4.0",
        "combined-stream": "^1.0.6",
        "mime-types": "^2.1.12"
      }
    },
    "lodash": {
      "version": "4.17.15",
      "resolved": "https://registry.npm.taobao.org/lodash/download/lodash-4.17.15.tgz?cache=0&other_urls=https%3A%2F%2Fregistry.npm.taobao.org%2Flodash%2Fdownload%2Flodash-4.17.15.tgz",
      "integrity": "sha1-tEf2ZwoEVbv+7dETku/zMOoJdUg="
    },
    "mime-db": {
      "version": "1.40.0",
      "resolved": "https://registry.npm.taobao.org/mime-db/download/mime-db-1.40.0.tgz",
      "integrity": "sha1-plBX6ZjbCQ9zKmj2wnbTh9QSbDI=",
      "dev": true
    },
    "mime-types": {
      "version": "2.1.24",
      "resolved": "https://registry.npm.taobao.org/mime-types/download/mime-types-2.1.24.tgz",
      "integrity": "sha1-tvjQs+lR77d97eyhlM/20W9nb4E=",
      "dev": true,
      "requires": {
        "mime-db": "1.40.0"
      }
    },
    "ms": {
      "version": "2.1.2",
      "resolved": "https://registry.npm.taobao.org/ms/download/ms-2.1.2.tgz?cache=0&other_urls=https%3A%2F%2Fregistry.npm.taobao.org%2Fms%2Fdownload%2Fms-2.1.2.tgz",
      "integrity": "sha1-0J0fNXtEP0kzgqjrPM0YOHKuYAk="
    },
    "psl": {
      "version": "1.3.0",
      "resolved": "https://registry.npm.taobao.org/psl/download/psl-1.3.0.tgz",
      "integrity": "sha1-4ev2o7VWT6g3bz2iJ12nbYdcob0="
    },
    "punycode": {
      "version": "2.1.1",
      "resolved": "http://registry.npm.taobao.org/punycode/download/punycode-2.1.1.tgz",
      "integrity": "sha1-tYsBCsQMIsVldhbI0sLALHv0eew="
    },
    "request-promise-core": {
      "version": "1.1.2",
      "resolved": "http://registry.npm.taobao.org/request-promise-core/download/request-promise-core-1.1.2.tgz",
      "integrity": "sha1-M59qq6vK/bMceZ/xWHADNjAdM0Y=",
      "requires": {
        "lodash": "^4.17.11"
      }
    },
    "request-promise-native": {
      "version": "1.0.7",
      "resolved": "http://registry.npm.taobao.org/request-promise-native/download/request-promise-native-1.0.7.tgz",
      "integrity": "sha1-pJhopiS96lBp8SUdCoNuDYmqLFk=",
      "requires": {
        "request-promise-core": "1.1.2",
        "stealthy-require": "^1.1.1",
        "tough-cookie": "^2.3.3"
      }
    },
    "sax": {
      "version": "1.2.4",
      "resolved": "http://registry.npm.taobao.org/sax/download/sax-1.2.4.tgz",
      "integrity": "sha1-KBYjTiN4vdxOU1T6tcqold9xANk="
    },
    "stealthy-require": {
      "version": "1.1.1",
      "resolved": "http://registry.npm.taobao.org/stealthy-require/download/stealthy-require-1.1.1.tgz",
      "integrity": "sha1-NbCYdbT/SfJqd35QmzCQoyJr8ks="
    },
    "tough-cookie": {
      "version": "2.5.0",
      "resolved": "http://registry.npm.taobao.org/tough-cookie/download/tough-cookie-2.5.0.tgz",
      "integrity": "sha1-zZ+yoKodWhK0c72fuW+j3P9lreI=",
      "requires": {
        "psl": "^1.1.28",
        "punycode": "^2.1.1"
      }
    },
    "xml2js": {
      "version": "0.4.19",
      "resolved": "http://registry.npm.taobao.org/xml2js/download/xml2js-0.4.19.tgz",
      "integrity": "sha1-aGwg8hMgnpSr8NG88e+qKRx4J6c=",
      "requires": {
        "sax": ">=0.6.0",
        "xmlbuilder": "~9.0.1"
      }
    },
    "xmlbuilder": {
      "version": "9.0.7",
      "resolved": "https://registry.npm.taobao.org/xmlbuilder/download/xmlbuilder-9.0.7.tgz",
      "integrity": "sha1-Ey7mPS7FVlxVfiD0wi35rKaGsQ0="
    }
  }
}
